{
  "name": "tesitniasdgNew",
  "version": "0.1.0",
  "lockfileVersion": 3,
  "requires": true,
  "packages": {
    "": {
      "name": "tesitniasdgNew",
      "version": "0.1.0",
      "dependencies": {
        "next": "14.2.5",
        "react": "^18.3.1",
        "react-dom": "^18.3.1"
      },
      "devDependencies": {
        "@types/node": "^20.14.12",
        "@types/react": "^18.3.3",
        "@types/react-dom": "^18.3.0",
        "eslint": "^8.57.0",
        "eslint-config-next": "14.2.5",
        "typescript": "^5.5.4"
      }
    },
    "node_modules/@aashutoshrathi/word-wrap": {
      "version": "1.2.6",
      "resolved": "https://registry.npmjs.org/@aashutoshrathi/word-wrap/-/word-wrap-1.2.6.tgz",
      "integrity": "sha512-1Yjs2SvM8TflER/OD3cOjhWWOZb58A2t7wpE2S9XfBYTiIl+XFhQG2bjy4Pu1I+EAlCNUzRDYDdFwFYUKvXcIA==",
      "dev": true
    },
    "node_modules/@babel/runtime": {
      "version": "7.24.7",
      "resolved": "https://registry.npmjs.org/@babel/runtime/-/runtime-7.24.7.tgz",
      "integrity": "sha512-UwgBRMjJP+xv857DCngvqXI3Iq6J4v0wXmwc6sapg+zyhbwmQX67LUEFrkQ5pbyg9P/IIK1y27JM7sZFM6Rn5Cw==",
      "dependencies": {
        "regenerator-runtime": "^0.14.0"
      }
    },
    "node_modules/@eslint-community/eslint-utils": {
      "version": "4.4.0",
      "resolved": "https://registry.npmjs.org/@eslint-community/eslint-utils/-/eslint-utils-4.4.0.tgz",
      "integrity": "sha512-1/sA4dwrzBAyeUoQ6oxahHKmrZvsnLCg4RfxW3ZFGGmQkSNQPFNLV9CUEFQP1x9EYXHTo5p6xdhZM1Ne9p/AfA==",
      "dev": true,
      "dependencies": {
        "eslint-visitor-keys": "^3.3.0"
      },
      "engines": {
        "node": "^12.22.0 || ^14.17.0 || >=16.0.0"
      },
      "peerDependencies": {
        "eslint": "^6.0.0 || ^7.0.0 || >=8.0.0"
      }
    },
    "node_modules/@eslint-community/regexpp": {
      "version": "4.11.0",
      "resolved": "https://registry.npmjs.org/@eslint-community/regexpp/-/regexpp-4.11.0.tgz",
      "integrity": "sha512-G/M/tIiMrTAxEWRfLfQJMmGNX28IxBn4PbEAVeAI7JcP/0cLQZcY0v2h6P+Xkd1wulKRUm6+u4C4CD6h+weN/A==",
      "dev": true,
      "engines": {
        "node": "^12.0.0 || ^14.0.0 || >=16.0.0"
      }
    },
    "node_modules/@eslint/eslintrc": {
      "version": "2.1.4",
      "resolved": "https://registry.npmjs.org/@eslint/eslintrc/-/eslintrc-2.1.4.tgz",
      "integrity": "sha512-269Z39MS6wVJtsoUl10L60WdkhJVdPG24Q4eZTH3nnF6lpvSShEK3wQjDX9JRWAUPvPh7COouPpU9IrqaZFvtQ==",
      "dev": true,
      "dependencies": {
        "ajv": "^6.12.4",
        "debug": "^4.3.2",
        "espree": "^9.6.0",
        "globals": "^13.19.0",
        "ignore": "^5.2.0",
        "import-fresh": "^3.2.1",
        "js-yaml": "^4.1.0",
        "minimatch": "^3.1.2",
        "strip-json-comments": "^3.1.1"
      },
      "engines": {
        "node": "^12.22.0 || ^14.17.0 || >=16.0.0"
      },
      "funding": {
        "url": "https://opencollective.com/eslint"
      }
    },
    "node_modules/@eslint/js": {
      "version": "8.57.0",
      "resolved": "https://registry.npmjs.org/@eslint/js/-/js-8.57.0.tgz",
      "integrity": "sha512-Ys+3g2TaW7gADOJzPt83SJtCDhMjndcDMFVQ/Tj9iA1BfJzFKD9sAU3oTq+YHYH7hU395tyzui1p6wKkWhv08g==",
      "dev": true,
      "engines": {
        "node": "^12.22.0 || ^14.17.0 || >=16.0.0"
      }
    },
    "node_modules/@humanwhocodes/config-array": {
      "version": "0.11.14",
      "resolved": "https://registry.npmjs.org/@humanwhocodes/config-array/-/config-array-0.11.14.tgz",
      "integrity": "sha512-3T8LkOmg45BV5FICb15QQMsyUSWrQ8AygVfC7ZG32ZoLZNlVIwThLmdhDTsS8q8oD0d7UkghjlqKpj+4oiocVA==",
      "deprecated": "Use @eslint/config-array instead",
      "dev": true,
      "dependencies": {
        "@humanwhocodes/object-schema": "^2.0.2",
        "debug": "^4.3.1",
        "minimatch": "^3.0.5"
      },
      "engines": {
        "node": ">=10.10.0"
      }
    },
    "node_modules/@humanwhocodes/module-importer": {
      "version": "1.0.1",
      "resolved": "https://registry.npmjs.org/@humanwhocodes/module-importer/-/module-importer-1.0.1.tgz",
      "integrity": "sha512-bxveV4V8v5Yb4ncFTT3rPSgZBOpCkjfK0y4oVVVJwIuDVBRMDXrPyXRL988i5ap9m9bnyEEjWfm5WkBmtffLfA==",
      "dev": true,
      "engines": {
        "node": ">=12.22"
      },
      "funding": {
        "type": "github",
        "url": "https://github.com/sponsors/nzakas"
      }
    },
    "node_modules/@humanwhocodes/object-schema": {
      "version": "2.0.3",
      "resolved": "https://registry.npmjs.org/@humanwhocodes/object-schema/-/object-schema-2.0.3.tgz",
      "integrity": "sha512-93zYdMES/c1D69yZiKDBj0V24vqNzB/koF26KPaagAfd3P/4gUlh3Dys5ogAK+Exi9QyzlD8x/08Zt7wIKcDcA==",
      "deprecated": "Use @eslint/object-schema instead",
      "dev": true
    },
    "node_modules/@next/env": {
      "version": "14.2.5",
      "resolved": "https://registry.npmjs.org/@next/env/-/env-14.2.5.tgz",
      "integrity": "sha512-/zOvBk+Z1lDFiSU8a/mJNzL6PzE2hIhM6pGq0u4d0s1Yl+LdNkYkzH3Q8b2w2aF0O8hC5Q7d5pFpLd+7bQj2Q=="
    },
    "node_modules/@next/swc-darwin-arm64": {
      "version": "14.2.5",
      "resolved": "https://registry.npmjs.org/@next/swc-darwin-arm64/-/swc-darwin-arm64-14.2.5.tgz",
      "integrity": "sha512-mFQGjYlQ5lBvPw8Ov2EY6r+AL8dNpIvFw+JQe3G1/0k7xLzL+LdLZ+LdLZ+LdLZ+LdLZ+LdLZ+LdLZ+LdLZ+LdLZ+LdLZ+LdLZ+LdLZ+LdLZ+LdLZ+LdLZ+LdLZ+LdLZ+LdLZ+LdLZ+LdLZ+LdLZ+LdLZ+LdLZ+LdLZ+LdLZ+LdLZ+LdLZ+LdLZ+LdLZ+LdLZ+LdLZ+LdLZ+LdLZ+LdLZ+LdLZ+LdLZ+LdLZ+LdLZ+LdLZ+LdLZ+LdLZ+LdLZ+LdLZ+LdLZ+LdLZ+LdLZ+LdLZ+LdLZ+LdLZ+LdLZ+LdLZ+LdLZ+LdLZ+LdLZ+LdLZ+LdLZ+LdLZ+LdLZ+LdLZ+LdLZ+LdLZ+LdLZ+LdLZ+LdLZ+LdLZ+LdLZ+LdLZ+LdLZ+LdLZ+LdLZ+LdLZ+LdLZ+LdLZ+LdLZ+LdLZ+LdLZ+LdLZ+LdLZ+LdLZ+LdLZ+LdLZ+LdLZ+LdLZ+LdLZ+LdLZ+LdLZ+LdLZ+LdLZ+LdLZ+LdLZ+LdLZ+LdLZ+LdLZ+LdLZ+LdLZ+LdLZ+LdLZ+LdLZ+LdLZ+LdLZ+LdLZ+LdLZ+LdLZ+LdLZ+LdLZ+LdLZ+LdLZ+LdLZ+LdLZ+LdLZ+LdLZ+LdLZ+LdLZ+LdLZ+LdLZ+LdLZ+LdLZ+LdLZ+LdLZ+LdLZ+LdLZ+LdLZ+LdLZ+LdLZ+LdLZ+LdLZ+LdLZ+LdLZ+LdLZ+LdLZ+LdLZ+LdLZ+LdLZ+LdLZ+LdLZ+LdLZ+LdLZ+LdLZ+LdLZ+LdLZ+LdLZ+LdLZ+LdLZ+LdLZ+LdLZ+LdLZ+LdLZ+LdLZ+LdLZ+LdLZ+LdLZ+LdLZ+LdLZ+LdLZ+LdLZ+LdLZ+LdLZ+LdLZ+LdLZ+LdLZ+LdLZ+LdLZ+LdLZ+LdLZ+LdLZ+LdLZ+LdLZ+LdLZ+LdLZ+LdLZ+LdLZ+LdLZ+LdLZ+LdLZ+LdLZ+LdLZ+LdLZ+LdLZ+LdLZ+LdLZ+LdLZ+LdLZ+LdLZ+LdLZ+LdLZ+LdLZ+LdLZ+LdLZ+LdLZ+LdLZ+LdLZ+LdLZ+LdLZ+LdLZ+LdLZ+LdLZ+LdLZ+LdLZ+LdLZ+LdLZ+LdLZ+LdLZ+LdLZ+LdLZ+LdLZ+LdLZ+LdLZ+LdLZ+LdLZ+LdLZ+LdLZ+LdLZ+LdLZ+LdLZ+LdLZ+LdLZ+LdLZ+LdLZ+LdLZ+LdLZ+LdLZ+LdLZ+LdLZ+LdLZ+LdLZ+LdLZ+LdLZ+LdLZ+LdLZ+LdLZ+LdLZ+LdLZ+LdLZ+LdLZ+LdLZ+LdLZ+LdLZ+LdLZ+LdLZ+LdLZ+LdLZ+LdLZ+LdLZ+LdLZ+LdLZ+LdLZ+LdLZ+LdLZ+LdLZ+LdLZ+LdLZ+LdLZ+LdLZ+LdLZ+LdLZ+LdLZ+LdLZ+LdLZ+LdLZ+LdLZ+LdLZ+LdLZ+LdLZ+LdLZ+LdLZ+LdLZ+LdLZ+LdLZ+LdLZ+LdLZ+LdLZ+LdLZ+LdLZ+LdLZ+LdLZ+LdLZ+LdLZ+LdLZ+LdLZ+LdLZ+LdLZ+LdLZ+LdLZ+LdLZ+LdLZ+LdLZ+LdLZ+LdLZ+LdLZ+LdLZ+LdLZ+LdLZ+LdLZ+LdLZ+LdLZ+LdLZ+LdLZ+LdLZ+LdLZ+LdLZ+LdLZ+LdLZ+LdLZ+LdLZ+LdLZ+LdLZ+LdLZ+LdLZ+LdLZ+LdLZ+LdLZ+LdLZ+LdLZ+LdLZ+LdLZ+LdLZ+LdLZ+LdLZ+LdLZ+LdLZ+LdLZ+LdLZ+LdLZ+LdLZ+LdLZ+LdLZ+LdLZ+LdLZ+LdLZ+LdLZ+LdLZ+LdLZ+LdLZ+LdLZ+LdLZ+LdLZ+LdLZ+LdLZ+LdLZ+LdLZ+LdLZ+LdLZ+LdLZ+LdLZ+LdLZ+LdLZ+LdLZ+LdLZ+LdLZ+LdLZ+LdLZ+LdLZ+LdLZ+LdLZ+LdLZ+LdLZ+LdLZ+LdLZ+LdLZ+LdLZ+LdLZ+LdLZ+LdLZ+LdLZ+LdLZ+LdLZ+LdLZ+LdLZ+LdLZ+LdLZ+LdLZ+LdLZ+LdLZ+LdLZ+LdLZ+LdLZ+LdLZ+LdLZ+LdLZ+LdLZ+LdLZ+LdLZ+LdLZ+LdLZ+LdLZ+LdLZ+LdLZ+LdLZ+LdLZ+LdLZ+LdLZ+LdLZ+LdLZ+LdLZ+LdLZ+LdLZ+LdLZ+LdLZ+LdLZ+LdLZ+LdLZ+LdLZ+LdLZ+LdLZ+LdLZ+LdLZ+LdLZ+LdLZ+LdLZ+LdLZ+LdLZ+LdLZ+LdLZ+LdLZ+LdLZ+LdLZ+LdLZ+LdLZ+LdLZ+LdLZ+LdLZ+LdLZ+LdLZ+LdLZ+LdLZ+LdLZ+LdLZ+LdLZ+LdLZ+LdLZ+LdLZ+LdLZ+LdLZ+LdLZ+LdLZ+LdLZ+LdLZ+LdLZ+LdLZ+LdLZ+LdLZ+LdLZ+LdLZ+LdLZ+LdLZ+LdLZ+LdLZ+LdLZ+LdLZ+LdLZ+LdLZ+LdLZ+LdLZ+LdLZ+LdLZ+LdLZ+LdLZ+LdLZ+LdLZ+LdLZ+LdLZ+LdLZ+LdLZ+LdLZ+LdLZ+LdLZ+LdLZ+LdLZ+LdLZ+LdLZ+LdLZ+LdLZ+LdLZ+LdLZ+LdLZ+LdLZ+LdLZ+LdLZ+LdLZ+LdLZ+LdLZ+LdLZ+LdLZ+LdLZ+LdLZ+LdLZ+LdLZ+LdLZ+LdLZ+LdLZ+LdLZ+LdLZ+LdLZ+LdLZ+LdLZ+LdLZ+LdLZ+LdLZ+LdLZ+LdLZ+LdLZ+LdLZ+LdLZ+LdLZ+LdLZ+LdLZ+LdLZ+LdLZ+LdLZ+LdLZ+LdLZ+LdLZ+LdLZ+LdLZ+LdLZ+LdLZ+LdLZ+LdLZ+LdLZ+LdLZ+LdLZ+LdLZ+LdLZ+LdLZ+LdLZ+LdLZ+LdLZ+LdLZ+LdLZ+LdLZ+LdLZ+LdLZ+LdLZ+LdLZ+LdLZ+LdLZ+LdLZ+LdLZ+LdLZ+LdLZ+LdLZ+LdLZ+LdLZ+LdLZ+LdLZ+LdLZ+LdLZ+LdLZ+LdLZ+LdLZ+LdLZ+LdLZ+LdLZ+LdLZ+LdLZ+LdLZ+LdLZ+LdLZ+LdLZ+LdLZ+LdLZ+LdLZ+LdLZ+LdLZ+LdLZ+LdLZ+LdLZ+LdLZ+LdLZ+LdLZ+LdLZ+LdLZ+LdLZ+LdLZ+LdLZ+LdLZ+LdLZ+LdLZ+LdLZ+LdLZ+LdLZ+LdLZ+LdLZ+LdLZ+LdLZ+LdLZ+LdLZ+LdLZ+LdLZ+LdLZ+LdLZ+LdLZ+LdLZ+LdLZ+LdLZ+LdLZ+LdLZ+LdLZ+LdLZ+LdLZ+LdLZ+LdLZ+LdLZ+LdLZ+LdLZ+LdLZ+LdLZ+LdLZ+LdLZ+LdLZ+LdLZ+LdLZ+LdLZ+LdLZ+LdLZ+LdLZ+LdLZ+LdLZ+LdLZ+LdLZ+LdLZ+LdLZ+LdLZ+LdLZ+LdLZ+LdLZ+LdLZ+LdLZ+LdLZ+LdLZ+LdLZ+LdLZ+LdLZ+LdLZ+LdLZ+LdLZ+LdLZ+LdLZ+LdLZ+LdLZ+LdLZ+LdLZ+LdLZ+LdLZ+LdLZ+LdLZ+LdLZ+LdLZ+LdLZ+LdLZ+LdLZ+LdLZ+LdLZ+LdLZ+LdLZ+LdLZ+LdLZ+LdLZ+LdLZ+LdLZ+LdLZ+LdLZ+LdLZ+LdLZ+LdLZ+LdLZ+LdLZ+LdLZ+LdLZ+LdLZ+LdLZ+LdLZ+LdLZ+LdLZ+LdLZ+LdLZ+LdLZ+LdLZ+LdLZ+LdLZ+LdLZ+LdLZ+LdLZ+LdLZ+LdLZ+LdLZ+LdLZ+LdLZ+LdLZ+LdLZ+LdLZ+LdLZ+LdLZ+LdLZ+LdLZ+LdLZ+LdLZ+LdLZ+LdLZ+LdLZ+LdLZ+LdLZ+LdLZ+LdLZ+LdLZ+LdLZ+LdLZ+LdLZ+LdLZ+LdLZ+LdLZ+LdLZ+LdLZ+LdLZ+LdLZ+LdLZ+LdLZ+LdLZ+LdLZ+LdLZ+LdLZ+LdLZ+LdLZ+LdLZ+LdLZ+LdLZ+LdLZ+LdLZ+LdLZ+LdLZ+LdLZ+LdLZ+LdLZ+LdLZ+LdLZ+LdLZ+LdLZ+LdLZ+LdLZ+LdLZ+LdLZ+LdLZ+LdLZ+LdLZ+LdLZ+LdLZ+LdLZ+LdLZ+LdLZ+LdLZ+LdLZ+LdLZ+LdLZ+LdLZ+LdLZ+LdLZ+LdLZ+LdLZ+LdLZ+LdLZ+LdLZ+LdLZ+LdLZ+LdLZ+LdLZ+LdLZ+LdLZ+LdLZ+LdLZ+LdLZ+LdLZ+LdLZ+LdLZ+LdLZ+LdLZ+LdLZ+LdLZ+LdLZ+LdLZ+LdLZ+LdLZ+LdLZ+LdLZ+LdLZ+LdLZ+LdLZ+LdLZ+LdLZ+LdLZ+LdLZ+LdLZ+LdLZ+LdLZ+LdLZ+LdLZ+LdLZ+LdLZ+LdLZ+LdLZ+LdLZ+LdLZ+LdLZ+LdLZ+LdLZ+LdLZ+LdLZ+LdLZ+LdLZ+LdLZ+LdLZ+LdLZ+LdLZ+LdLZ+LdLZ+LdLZ+LdLZ+LdLZ+LdLZ+LdLZ+LdLZ+LdLZ+LdLZ+LdLZ+LdLZ+LdLZ+LdLZ+LdLZ+LdLZ+LdLZ+LdLZ+LdLZ+LdLZ+LdLZ+LdLZ+LdLZ+LdLZ+LdLZ+LdLZ+LdLZ+LdLZ+LdLZ+LdLZ+LdLZ+LdLZ+LdLZ+LdLZ+LdLZ+LdLZ+LdLZ+LdLZ+LdLZ+LdLZ+LdLZ+LdLZ+LdLZ+LdLZ+LdLZ+LdLZ+LdLZ+LdLZ+LdLZ+LdLZ+LdLZ+LdLZ+LdLZ+LdLZ+LdLZ+LdLZ+LdLZ+LdLZ+LdLZ+LdLZ+LdLZ+LdLZ+LdLZ+LdLZ+LdLZ+LdLZ+LdLZ+LdLZ+LdLZ+LdLZ+LdLZ+LdLZ+LdLZ+LdLZ+LdLZ+LdLZ+LdLZ+LdLZ+LdLZ+LdLZ+LdLZ+LdLZ+LdLZ+LdLZ+LdLZ+LdLZ+LdLZ+LdLZ+LdLZ+LdLZ+LdLZ+LdLZ+LdLZ+LdLZ+LdLZ+LdLZ+LdLZ+LdLZ+LdLZ+LdLZ+LdLZ+LdLZ+LdLZ+LdLZ+LdLZ+LdLZ+LdLZ+LdLZ+LdLZ+LdLZ+LdLZ+LdLZ+LdLZ+LdLZ+LdLZ+LdLZ+LdLZ+LdLZ+LdLZ+LdLZ+LdLZ+LdLZ+LdLZ+LdLZ+LdLZ+LdLZ+LdLZ+LdLZ+LdLZ+LdLZ+LdLZ+LdLZ+LdLZ+LdLZ+LdLZ+LdLZ+LdLZ+LdLZ+LdLZ+LdLZ+LdLZ+LdLZ+LdLZ+LdLZ+LdLZ+LdLZ+LdLZ+LdLZ+LdLZ+LdLZ+LdLZ+LdLZ+LdLZ+LdLZ+LdLZ+LdLZ+LdLZ+LdLZ+LdLZ+LdLZ+LdLZ+LdLZ+LdLZ+LdLZ+LdLZ+LdLZ+LdLZ+LdLZ+LdLZ+LdLZ+LdLZ+LdLZ+LdLZ+LdLZ+LdLZ+LdLZ+LdLZ+LdLZ+LdLZ+LdLZ+LdLZ+LdLZ+LdLZ+LdLZ+LdLZ+LdLZ+LdLZ+LdLZ+LdLZ+LdLZ+LdLZ+LdLZ+LdLZ+LdLZ+LdLZ+LdLZ+LdLZ+LdLZ+LdLZ+LdLZ+LdLZ+LdLZ+LdLZ+LdLZ+LdLZ+LdLZ+LdLZ+LdLZ+LdLZ+LdLZ+LdLZ+LdLZ+LdLZ+LdLZ+LdLZ+LdLZ+LdLZ+LdLZ+LdLZ+LdLZ+LdLZ+LdLZ+LdLZ+LdLZ+LdLZ+LdLZ+LdLZ+LdLZ+LdLZ+LdLZ+LdLZ+LdLZ+LdLZ+LdLZ+LdLZ+LdLZ+LdLZ+LdLZ+LdLZ+LdLZ+LdLZ+LdLZ+LdLZ+LdLZ+LdLZ+LdLZ+LdLZ+LdLZ+LdLZ+LdLZ+LdLZ+LdLZ+LdLZ+LdLZ+LdLZ+LdLZ+LdLZ+LdLZ+LdLZ+LdLZ+LdLZ+LdLZ+LdLZ+LdLZ+LdLZ+LdLZ+LdLZ+LdLZ+LdLZ+LdLZ+LdLZ+LdLZ+LdLZ+LdLZ+LdLZ+LdLZ+LdLZ+LdLZ+LdLZ+LdLZ+LdLZ+LdLZ+LdLZ+LdLZ+LdLZ+LdLZ+LdLZ+LdLZ+LdLZ+LdLZ+LdLZ+LdLZ+LdLZ+LdLZ+LdLZ+LdLZ+LdLZ+LdLZ+LdLZ+LdLZ+LdLZ+LdLZ+LdLZ+LdLZ+LdLZ+LdLZ+LdLZ+LdLZ+LdLZ+LdLZ+LdLZ+LdLZ+LdLZ+LdLZ+LdLZ+LdLZ+LdLZ+LdLZ+LdLZ+LdLZ+LdLZ+LdLZ+LdLZ+LdLZ+LdLZ+LdLZ+LdLZ+LdLZ+LdLZ+LdLZ+LdLZ+LdLZ+LdLZ+LdLZ+LdLZ+LdLZ+LdLZ+LdLZ+LdLZ+LdLZ+LdLZ+LdLZ+LdLZ+LdLZ+LdLZ+LdLZ+LdLZ+LdLZ+LdLZ+LdLZ+LdLZ+LdLZ+LdLZ+LdLZ+LdLZ+LdLZ+LdLZ+LdLZ+LdLZ+LdLZ+LdLZ+LdLZ+LdLZ+LdLZ+LdLZ+LdLZ+LdLZ+LdLZ+LdLZ+LdLZ+LdLZ+LdLZ+LdLZ+LdLZ+LdLZ+LdLZ+LdLZ+LdLZ+LdLZ+LdLZ+LdLZ+LdLZ+LdLZ+LdLZ+LdLZ+LdLZ+LdLZ+LdLZ+LdLZ+LdLZ+LdLZ+LdLZ+LdLZ+LdLZ+LdLZ+LdLZ+LdLZ+LdLZ+LdLZ+LdLZ+LdLZ+LdLZ+LdLZ+LdLZ+LdLZ+LdLZ+LdLZ+LdLZ+LdLZ+LdLZ+LdLZ+LdLZ+LdLZ+LdLZ+LdLZ+LdLZ+LdLZ+LdLZ+LdLZ+LdLZ+LdLZ+LdLZ+LdLZ+LdLZ+LdLZ+LdLZ+LdLZ+LdLZ+LdLZ+LdLZ+LdLZ+LdLZ+LdLZ+LdLZ+LdLZ+LdLZ+LdLZ+LdLZ+LdLZ+LdLZ+LdLZ+LdLZ+LdLZ+LdLZ+LdLZ+LdLZ+LdLZ+LdLZ+LdLZ+LdLZ+LdLZ+LdLZ+LdLZ+LdLZ+LdLZ+LdLZ+LdLZ+LdLZ+LdLZ+LdLZ+LdLZ+LdLZ+LdLZ+LdLZ+LdLZ+LdLZ+LdLZ+LdLZ+LdLZ+LdLZ+LdLZ+LdLZ+LdLZ+LdLZ+LdLZ+LdLZ+LdLZ+LdLZ+LdLZ+LdLZ+LdLZ+LdLZ+LdLZ+LdLZ+LdLZ+LdLZ+LdLZ+LdLZ+LdLZ+LdLZ+LdLZ+LdLZ+LdLZ+LdLZ+LdLZ+LdLZ+LdLZ+LdLZ+LdLZ+LdLZ+LdLZ+LdLZ+LdLZ+LdLZ+LdLZ+LdLZ+LdLZ+LdLZ+LdLZ+LdLZ+LdLZ+LdLZ+LdLZ+LdLZ+LdLZ+LdLZ+LdLZ+LdLZ+LdLZ+LdLZ+LdLZ+LdLZ+LdLZ+LdLZ+LdLZ+LdLZ+LdLZ+LdLZ+LdLZ+LdLZ+LdLZ+LdLZ+LdLZ+LdLZ+LdLZ+LdLZ+LdLZ+LdLZ+LdLZ+LdLZ+LdLZ+LdLZ+LdLZ+LdLZ+LdLZ+LdLZ+LdLZ+LdLZ+LdLZ+LdLZ+LdLZ+LdLZ+LdLZ+LdLZ+LdLZ+LdLZ+LdLZ+LdLZ+LdLZ+LdLZ+LdLZ+LdLZ+LdLZ+LdLZ+LdLZ+LdLZ+LdLZ+LdLZ+LdLZ+LdLZ+LdLZ+LdLZ+LdLZ+LdLZ+LdLZ+LdLZ+LdLZ+LdLZ+LdLZ+LdLZ+LdLZ+LdLZ+LdLZ+LdLZ+LdLZ+LdLZ+LdLZ+LdLZ+LdLZ+LdLZ+LdLZ+LdLZ+LdLZ+LdLZ+LdLZ+LdLZ+LdLZ+LdLZ+LdLZ+LdLZ+LdLZ+LdLZ+LdLZ+LdLZ+LdLZ+LdLZ+LdLZ+LdLZ+LdLZ+LdLZ+LdLZ+LdLZ+LdLZ+LdLZ+LdLZ+LdLZ+LdLZ+LdLZ+LdLZ+LdLZ+LdLZ+LdLZ+LdLZ+LdLZ+LdLZ+LdLZ+LdLZ+LdLZ+LdLZ+LdLZ+LdLZ+LdLZ+LdLZ+LdLZ+LdLZ+LdLZ+LdLZ+LdLZ+LdLZ+LdLZ+LdLZ+LdLZ+LdLZ+LdLZ+LdLZ+LdLZ+LdLZ+LdLZ+LdLZ+LdLZ+LdLZ+LdLZ+LdLZ+LdLZ+LdLZ+LdLZ+LdLZ+LdLZ+LdLZ+LdLZ+LdLZ+LdLZ+LdLZ+LdLZ+LdLZ+LdLZ+LdLZ+LdLZ+LdLZ+LdLZ+LdLZ+LdLZ+LdLZ+LdLZ+LdLZ+LdLZ+LdLZ+LdLZ+LdLZ+LdLZ+LdLZ+LdLZ+LdLZ+LdLZ+LdLZ+LdLZ+LdLZ+LdLZ+LdLZ+LdLZ+LdLZ+LdLZ+LdLZ+LdLZ+LdLZ+LdLZ+LdLZ+LdLZ+LdLZ+LdLZ+LdLZ+LdLZ+LdLZ+LdLZ+LdLZ+LdLZ+LdLZ+LdLZ+LdLZ+LdLZ+LdLZ+LdLZ+LdLZ+LdLZ+LdLZ+LdLZ+LdLZ+LdLZ+LdLZ+LdLZ+LdLZ+LdLZ+LdLZ+LdLZ+LdLZ+LdLZ+LdLZ+LdLZ+LdLZ+LdLZ+LdLZ+LdLZ+LdLZ+LdLZ+LdLZ+LdLZ+LdLZ+LdLZ+LdLZ+LdLZ+LdLZ+LdLZ+LdLZ+LdLZ+LdLZ+LdLZ+LdLZ+LdLZ+LdLZ+LdLZ+LdLZ+LdLZ+LdLZ+LdLZ+LdLZ+LdLZ+LdLZ+LdLZ+LdLZ+LdLZ+LdLZ+LdLZ+LdLZ+LdLZ+LdLZ+LdLZ+LdLZ+LdLZ+LdLZ+LdLZ+LdLZ+LdLZ+LdLZ+LdLZ+LdLZ+LdLZ+LdLZ+LdLZ+LdLZ+LdLZ+LdLZ+LdLZ+LdLZ+LdLZ+LdLZ+LdLZ+LdLZ+LdLZ+LdLZ+LdLZ+LdLZ+LdLZ+LdLZ+LdLZ+LdLZ+LdLZ+LdLZ+LdLZ+LdLZ+LdLZ+LdLZ+LdLZ+LdLZ+LdLZ+LdLZ+LdLZ+LdLZ+LdLZ+LdLZ+LdLZ+LdLZ+LdLZ+LdLZ+LdLZ+LdLZ+LdLZ+LdLZ+LdLZ+LdLZ+LdLZ+LdLZ+LdLZ+LdLZ+LdLZ+LdLZ+LdLZ+LdLZ+LdLZ+LdLZ+LdLZ+LdLZ+LdLZ+LdLZ+LdLZ+LdLZ+LdLZ+LdLZ+LdLZ+LdLZ+LdLZ+LdLZ+LdLZ+LdLZ+LdLZ+LdLZ+LdLZ+LdLZ+LdLZ+LdLZ+LdLZ+LdLZ+LdLZ+LdLZ+LdLZ+LdLZ+LdLZ+LdLZ+LdLZ+LdLZ+LdLZ+LdLZ+LdLZ+LdLZ+LdLZ+LdLZ+LdLZ+LdLZ+LdLZ+LdLZ+LdLZ+LdLZ+LdLZ+LdLZ+LdLZ+LdLZ+LdLZ+LdLZ+LdLZ+LdLZ+LdLZ+LdLZ+LdLZ+LdLZ+LdLZ+LdLZ+LdLZ+LdLZ+LdLZ+LdLZ+LdLZ+LdLZ+LdLZ+LdLZ+LdLZ+LdLZ+LdLZ+LdLZ+LdLZ+LdLZ+LdLZ+LdLZ+LdLZ+LdLZ+LdLZ+LdLZ+LdLZ+LdLZ+LdLZ+LdLZ+LdLZ+LdLZ+LdLZ+LdLZ+LdLZ+LdLZ+LdLZ+LdLZ+LdLZ+LdLZ+LdLZ+LdLZ+LdLZ+LdLZ+LdLZ+LdLZ+LdLZ+LdLZ+LdLZ+LdLZ+LdLZ+LdLZ+LdLZ+LdLZ+LdLZ+LdLZ+LdLZ+LdLZ+LdLZ+LdLZ+LdLZ+LdLZ+LdLZ+LdLZ+LdLZ+LdLZ+LdLZ+LdLZ+LdLZ+LdLZ+LdLZ+LdLZ+LdLZ+LdLZ+LdLZ+LdLZ+LdLZ+LdLZ+LdLZ+LdLZ+LdLZ+LdLZ+LdLZ+LdLZ+LdLZ+LdLZ+LdLZ+LdLZ+LdLZ+LdLZ+LdLZ+LdLZ+LdLZ+LdLZ+LdLZ+LdLZ+LdLZ+LdLZ+LdLZ+LdLZ+LdLZ+LdLZ+LdLZ+LdLZ+LdLZ+LdLZ+LdLZ+LdLZ+LdLZ+LdLZ+LdLZ+LdLZ+LdLZ+LdLZ+LdLZ+LdLZ+LdLZ+LdLZ+LdLZ+LdLZ+LdLZ+LdLZ+LdLZ+LdLZ+LdLZ+LdLZ+LdLZ+LdLZ+LdLZ+LdLZ+LdLZ+LdLZ+LdLZ+LdLZ+LdLZ+LdLZ+LdLZ+LdLZ+LdLZ+LdLZ+LdLZ+LdLZ+LdLZ+LdLZ+LdLZ+LdLZ+LdLZ+LdLZ+LdLZ+LdLZ+LdLZ+LdLZ+LdLZ+LdLZ+LdLZ+LdLZ+LdLZ+LdLZ+LdLZ+LdLZ+LdLZ+LdLZ+LdLZ+LdLZ+LdLZ+LdLZ+LdLZ+LdLZ+LdLZ+LdLZ+LdLZ+LdLZ+LdLZ+LdLZ+LdLZ+LdLZ+LdLZ+LdLZ+LdLZ+LdLZ+LdLZ+LdLZ+LdLZ+LdLZ+LdLZ+LdLZ+LdLZ+LdLZ+LdLZ+LdLZ+LdLZ+LdLZ+LdLZ+LdLZ+LdLZ+LdLZ+LdLZ+LdLZ+LdLZ+LdLZ+LdLZ+LdLZ+LdLZ+LdLZ+LdLZ+LdLZ+LdLZ+LdLZ+LdLZ+LdLZ+LdLZ+LdLZ+LdLZ+LdLZ+LdLZ+LdLZ+LdLZ+LdLZ+LdLZ+LdLZ+LdLZ+LdLZ+LdLZ+LdLZ+LdLZ+LdLZ+LdLZ+LdLZ+LdLZ+LdLZ+LdLZ+LdLZ+LdLZ+LdLZ+LdLZ+LdLZ+LdLZ+LdLZ+LdLZ+LdLZ+LdLZ+LdLZ+LdLZ+LdLZ+LdLZ+LdLZ+LdLZ+LdLZ+LdLZ+LdLZ+LdLZ+LdLZ+LdLZ+LdLZ+LdLZ+LdLZ+LdLZ+LdLZ+LdLZ+LdLZ+LdLZ+LdLZ+LdLZ+LdLZ+LdLZ+LdLZ+LdLZ+LdLZ+LdLZ+LdLZ+LdLZ+LdLZ+LdLZ+LdLZ+LdLZ+LdLZ+LdLZ+LdLZ+LdLZ+LdLZ+LdLZ+LdLZ+LdLZ+LdLZ+LdLZ+LdLZ+LdLZ+LdLZ+LdLZ+LdLZ+LdLZ+LdLZ+LdLZ+LdLZ+LdLZ+LdLZ+LdLZ+LdLZ+LdLZ+LdLZ+LdLZ+LdLZ+LdLZ+LdLZ+LdLZ+LdLZ+LdLZ+LdLZ+LdLZ+LdLZ+LdLZ+LdLZ+LdLZ+LdLZ+LdLZ+LdLZ+LdLZ+LdLZ+LdLZ+LdLZ+LdLZ+LdLZ+LdLZ+LdLZ+LdLZ+LdLZ+LdLZ+LdLZ+LdLZ+LdLZ+LdLZ+LdLZ+LdLZ+LdLZ+LdLZ+LdLZ+LdLZ+LdLZ+LdLZ+LdLZ+LdLZ+LdLZ+LdLZ+LdLZ+LdLZ+LdLZ+LdLZ+LdLZ+LdLZ+LdLZ+LdLZ+LdLZ+LdLZ+LdLZ+LdLZ+LdLZ+LdLZ+LdLZ+LdLZ+LdLZ+LdLZ+LdLZ+LdLZ+LdLZ+LdLZ+LdLZ+LdLZ+LdLZ+LdLZ+LdLZ+LdLZ+LdLZ+LdLZ+LdLZ+LdLZ+LdLZ+LdLZ+LdLZ+LdLZ+LdLZ+LdLZ+LdLZ+LdLZ+LdLZ+LdLZ+LdLZ+LdLZ+LdLZ+LdLZ+LdLZ+LdLZ+LdLZ+LdLZ+LdLZ+LdLZ+LdLZ+LdLZ+LdLZ+LdLZ+LdLZ+LdLZ+LdLZ+LdLZ+LdLZ+LdLZ+LdLZ+LdLZ+LdLZ+LdLZ+LdLZ+LdLZ+LdLZ+LdLZ+LdLZ+LdLZ+LdLZ+LdLZ+LdLZ+LdLZ+LdLZ+LdLZ+LdLZ+LdLZ+LdLZ+LdLZ+LdLZ+LdLZ+LdLZ+LdLZ+LdLZ+LdLZ+LdLZ+LdLZ+LdLZ+LdLZ+LdLZ+LdLZ+LdLZ+LdLZ+LdLZ+LdLZ+LdLZ+LdLZ+LdLZ+LdLZ+LdLZ+LdLZ+LdLZ+LdLZ+LdLZ+LdLZ+LdLZ+LdLZ+LdLZ+LdLZ+LdLZ+LdLZ+LdLZ+LdLZ+LdLZ+LdLZ+LdLZ+LdLZ+LdLZ+LdLZ+LdLZ+LdLZ+LdLZ+LdLZ+LdLZ+LdLZ+LdLZ+LdLZ+LdLZ+LdLZ+LdLZ+LdLZ+LdLZ+LdLZ+LdLZ+LdLZ+LdLZ+LdLZ+LdLZ+LdLZ+LdLZ+LdLZ+LdLZ+LdLZ+LdLZ+LdLZ+LdLZ+LdLZ+LdLZ+LdLZ+LdLZ+LdLZ+LdLZ+LdLZ+LdLZ+LdLZ+LdLZ+LdLZ+LdLZ+LdLZ+LdLZ+LdLZ+LdLZ+LdLZ+LdLZ+LdLZ+LdLZ+LdLZ+LdLZ+LdLZ+LdLZ+LdLZ+LdLZ+LdLZ+LdLZ+LdLZ+LdLZ+LdLZ+LdLZ+LdLZ+LdLZ+LdLZ+LdLZ+LdLZ+LdLZ+LdLZ+LdLZ+LdLZ+LdLZ+LdLZ+LdLZ+LdLZ+LdLZ+LdLZ+LdLZ+LdLZ+LdLZ+LdLZ+LdLZ+LdLZ+LdLZ+LdLZ+LdLZ+LdLZ+LdLZ+LdLZ+LdLZ+LdLZ+LdLZ+LdLZ+LdLZ+LdLZ+LdLZ+LdLZ+LdLZ+LdLZ+LdLZ+LdLZ+LdLZ+LdLZ+LdLZ+LdLZ+LdLZ+LdLZ+LdLZ+LdLZ+LdLZ+LdLZ+LdLZ+LdLZ+LdLZ+LdLZ+LdLZ+LdLZ+LdLZ+LdLZ+LdLZ+LdLZ+LdLZ+LdLZ+LdLZ+LdLZ+LdLZ+LdLZ+LdLZ+LdLZ+LdLZ+LdLZ+LdLZ+LdLZ+LdLZ+LdLZ+LdLZ+LdLZ+LdLZ+LdLZ+LdLZ+LdLZ+LdLZ+LdLZ+LdLZ+LdLZ+LdLZ+LdLZ+LdLZ+LdLZ+LdLZ+LdLZ+LdLZ+LdLZ+LdLZ+LdLZ+LdLZ+LdLZ+LdLZ+LdLZ+LdLZ+LdLZ+LdLZ+LdLZ+LdLZ+LdLZ+LdLZ+LdLZ+LdLZ+LdLZ+LdLZ+LdLZ+LdLZ+LdLZ+LdLZ+LdLZ+LdLZ+LdLZ+LdLZ+LdLZ+LdLZ+LdLZ+LdLZ+LdLZ+LdLZ+LdLZ+LdLZ+LdLZ+LdLZ+LdLZ+LdLZ+LdLZ+LdLZ+LdLZ+LdLZ+LdLZ+LdLZ+LdLZ+LdLZ+LdLZ+LdLZ+LdLZ+LdLZ+LdLZ+LdLZ+LdLZ+LdLZ+LdLZ+LdLZ+LdLZ+LdLZ+LdLZ+LdLZ+LdLZ+LdLZ+LdLZ+LdLZ+LdLZ+LdLZ+LdLZ+LdLZ+LdLZ+LdLZ+LdLZ+LdLZ+LdLZ+LdLZ+LdLZ+LdLZ+LdLZ+LdLZ+LdLZ+LdLZ+LdLZ+LdLZ+LdLZ+LdLZ+LdLZ+LdLZ+LdLZ+LdLZ+LdLZ+LdLZ+LdLZ+LdLZ+LdLZ+LdLZ+LdLZ+LdLZ+LdLZ+LdLZ+LdLZ+LdLZ+LdLZ+LdLZ+LdLZ+LdLZ+LdLZ+LdLZ+LdLZ+LdLZ+LdLZ+LdLZ+LdLZ+LdLZ+LdLZ+LdLZ+LdLZ+LdLZ+LdLZ+LdLZ+LdLZ+LdLZ+LdLZ+LdLZ+LdLZ+LdLZ+LdLZ+LdLZ+LdLZ+LdLZ+LdLZ+LdLZ+LdLZ+LdLZ+LdLZ+LdLZ+LdLZ+LdLZ+LdLZ+LdLZ+LdLZ+LdLZ+LdLZ+LdLZ+LdLZ+LdLZ+LdLZ+LdLZ+LdLZ+LdLZ+LdLZ+LdLZ+LdLZ+LdLZ+LdLZ+LdLZ+LdLZ+LdLZ+LdLZ+LdLZ+LdLZ+LdLZ+LdLZ+LdLZ+LdLZ+LdLZ+LdLZ+LdLZ+LdLZ+LdLZ+LdLZ+LdLZ+LdLZ+LdLZ+LdLZ+LdLZ+LdLZ+LdLZ+LdLZ+LdLZ+LdLZ+LdLZ+LdLZ+LdLZ+LdLZ+LdLZ+LdLZ+LdLZ+LdLZ+LdLZ+LdLZ+LdLZ+LdLZ+LdLZ+LdLZ+LdLZ+LdLZ+LdLZ+LdLZ+LdLZ+LdLZ+LdLZ+LdLZ+LdLZ+LdLZ+LdLZ+LdLZ+LdLZ+LdLZ+LdLZ+LdLZ+LdLZ+LdLZ+LdLZ+LdLZ+LdLZ+LdLZ+LdLZ+LdLZ+LdLZ+LdLZ+LdLZ+LdLZ+LdLZ+LdLZ+LdLZ+LdLZ+LdLZ+LdLZ+LdLZ+LdLZ+LdLZ+LdLZ+LdLZ+LdLZ+LdLZ+LdLZ+LdLZ+LdLZ+LdLZ+LdLZ+LdLZ+LdLZ+LdLZ+LdLZ+LdLZ+LdLZ+LdLZ+LdLZ+LdLZ+LdLZ+LdLZ+LdLZ+LdLZ+LdLZ+LdLZ+LdLZ+LdLZ+LdLZ+LdLZ+LdLZ+LdLZ+LdLZ+LdLZ+LdLZ+LdLZ+LdLZ+LdLZ+LdLZ+LdLZ+LdLZ+LdLZ+LdLZ+LdLZ+LdLZ+LdLZ+LdLZ+LdLZ+LdLZ+LdLZ+LdLZ+LdLZ+LdLZ+LdLZ+LdLZ+LdLZ+LdLZ+LdLZ+LdLZ+LdLZ+LdLZ+LdLZ+LdLZ+LdLZ+LdLZ+LdLZ+LdLZ+LdLZ+LdLZ+LdLZ+LdLZ+LdLZ+LdLZ+LdLZ+LdLZ+LdLZ+LdLZ+LdLZ+LdLZ+LdLZ+LdLZ+LdLZ+LdLZ+LdLZ+LdLZ+LdLZ+LdLZ+LdLZ+LdLZ+LdLZ+LdLZ+LdLZ+LdLZ+LdLZ+LdLZ+LdLZ+LdLZ+LdLZ+LdLZ+LdLZ+LdLZ+LdLZ+LdLZ+LdLZ+LdLZ+LdLZ+LdLZ+LdLZ+LdLZ+LdLZ+LdLZ+LdLZ+LdLZ+LdLZ+LdLZ+LdLZ+LdLZ+LdLZ+LdLZ+LdLZ+LdLZ+LdLZ+LdLZ+LdLZ+LdLZ+LdLZ+LdLZ+LdLZ+LdLZ+LdLZ+LdLZ+LdLZ+LdLZ+LdLZ+LdLZ+LdLZ+LdLZ+LdLZ+LdLZ+LdLZ+LdLZ+LdLZ+LdLZ+LdLZ+LdLZ+LdLZ+LdLZ+LdLZ+LdLZ+LdLZ+LdLZ+LdLZ+LdLZ+LdLZ+LdLZ+LdLZ+LdLZ+LdLZ+LdLZ+LdLZ+LdLZ+LdLZ+LdLZ+LdLZ+LdLZ+LdLZ+LdLZ+LdLZ+LdLZ+LdLZ+LdLZ+LdLZ+LdLZ+LdLZ+LdLZ+LdLZ+LdLZ+LdLZ+LdLZ+LdLZ+LdLZ+LdLZ+LdLZ+LdLZ+LdLZ+LdLZ+LdLZ+LdLZ+LdLZ+LdLZ+LdLZ+LdLZ+LdLZ+LdLZ+LdLZ+LdLZ+LdLZ+LdLZ+LdLZ+LdLZ+LdLZ+LdLZ+LdLZ+LdLZ+LdLZ+LdLZ+LdLZ+LdLZ+LdLZ+LdLZ+LdLZ+LdLZ+LdLZ+LdLZ+LdLZ+LdLZ+LdLZ+LdLZ+LdLZ+LdLZ+LdLZ+LdLZ+LdLZ+LdLZ+LdLZ+LdLZ+LdLZ+LdLZ+LdLZ+LdLZ+LdLZ+LdLZ+LdLZ+LdLZ+LdLZ+LdLZ+LdLZ+LdLZ+LdLZ+LdLZ+LdLZ+LdLZ+LdLZ+LdLZ+LdLZ+LdLZ+LdLZ+LdLZ+LdLZ+LdLZ+LdLZ+LdLZ+LdLZ+LdLZ+LdLZ+LdLZ+LdLZ+LdLZ+LdLZ+LdLZ+LdLZ+LdLZ+LdLZ+LdLZ+LdLZ+LdLZ+LdLZ+LdLZ+LdLZ+LdLZ+LdLZ+LdLZ+LdLZ+LdLZ+LdLZ+LdLZ+LdLZ+LdLZ+LdLZ+LdLZ+LdLZ+LdLZ+LdLZ+LdLZ+LdLZ+LdLZ+LdLZ+LdLZ+LdLZ+LdLZ+LdLZ+LdLZ+LdLZ+LdLZ+LdLZ+LdLZ+LdLZ+LdLZ+LdLZ+LdLZ+LdLZ+LdLZ+LdLZ+LdLZ+LdLZ+LdLZ+LdLZ+LdLZ+LdLZ+LdLZ+LdLZ+LdLZ+LdLZ+LdLZ+LdLZ+LdLZ+LdLZ+LdLZ+LdLZ+LdLZ+LdLZ+LdLZ+LdLZ+LdLZ+LdLZ+LdLZ+LdLZ+LdLZ+LdLZ+LdLZ+LdLZ+LdLZ+LdLZ+LdLZ+LdLZ+LdLZ+LdLZ+LdLZ+LdLZ+LdLZ+LdLZ+LdLZ+LdLZ+LdLZ+LdLZ+LdLZ+LdLZ+LdLZ+LdLZ+LdLZ+LdLZ+LdLZ+LdLZ+LdLZ+LdLZ+LdLZ+LdLZ+LdLZ+LdLZ+LdLZ+LdLZ+LdLZ+LdLZ+LdLZ+LdLZ+LdLZ+LdLZ+LdLZ+LdLZ+LdLZ+LdLZ+LdLZ+LdLZ+LdLZ+LdLZ+LdLZ+LdLZ+LdLZ+LdLZ+LdLZ+LdLZ+LdLZ+LdLZ+LdLZ+LdLZ+LdLZ+LdLZ+LdLZ+LdLZ+LdLZ+LdLZ+LdLZ+LdLZ+LdLZ+LdLZ+LdLZ+LdLZ+LdLZ+LdLZ+LdLZ+LdLZ+LdLZ+LdLZ+LdLZ+LdLZ+LdLZ+LdLZ+LdLZ+LdLZ+LdLZ+LdLZ+LdLZ+LdLZ+LdLZ+LdLZ+LdLZ+LdLZ+LdLZ+LdLZ+LdLZ+LdLZ+LdLZ+LdLZ+LdLZ+LdLZ+LdLZ+LdLZ+LdLZ+LdLZ+LdLZ+LdLZ+LdLZ+LdLZ+LdLZ+LdLZ+LdLZ+LdLZ+LdLZ+LdLZ+LdLZ+LdLZ+LdLZ+LdLZ+LdLZ+LdLZ+LdLZ+LdLZ+LdLZ+LdLZ+LdLZ+LdLZ+LdLZ+LdLZ+LdLZ+LdLZ+LdLZ+LdLZ+LdLZ+LdLZ+LdLZ+LdLZ+LdLZ+LdLZ+LdLZ+LdLZ+LdLZ+LdLZ+LdLZ+LdLZ+LdLZ+LdLZ+LdLZ+LdLZ+LdLZ+LdLZ+LdLZ+LdLZ+LdLZ+LdLZ+LdLZ+LdLZ+LdLZ+LdLZ+LdLZ+LdLZ+LdLZ+LdLZ+LdLZ+LdLZ+LdLZ+LdLZ+LdLZ+LdLZ+LdLZ+LdLZ+LdLZ+LdLZ+LdLZ+LdLZ+LdLZ+LdLZ+LdLZ+LdLZ+LdLZ+LdLZ+LdLZ+LdLZ+LdLZ+LdLZ+LdLZ+LdLZ+LdLZ+LdLZ+LdLZ+LdLZ+LdLZ+LdLZ+LdLZ+LdLZ+LdLZ+LdLZ+LdLZ+LdLZ+LdLZ+LdLZ+LdLZ+LdLZ+LdLZ+LdLZ+LdLZ+LdLZ+LdLZ+LdLZ+LdLZ+LdLZ+LdLZ+LdLZ+LdLZ+LdLZ+LdLZ+LdLZ+LdLZ+LdLZ+LdLZ+LdLZ+LdLZ+LdLZ+LdLZ+LdLZ+LdLZ+LdLZ+LdLZ+LdLZ+LdLZ+LdLZ+LdLZ+LdLZ+LdLZ+LdLZ+LdLZ+LdLZ+LdLZ+LdLZ+LdLZ+LdLZ+LdLZ+LdLZ+LdLZ+LdLZ+LdLZ+LdLZ+LdLZ+LdLZ+LdLZ+LdLZ+LdLZ+LdLZ+LdLZ+LdLZ+LdLZ+LdLZ+LdLZ+LdLZ+LdLZ+LdLZ+LdLZ+LdLZ+LdLZ+LdLZ+LdLZ+LdLZ+LdLZ+LdLZ+LdLZ+LdLZ+LdLZ+LdLZ+LdLZ+LdLZ+LdLZ+LdLZ+LdLZ+LdLZ+LdLZ+LdLZ+LdLZ+LdLZ+LdLZ+LdLZ+LdLZ+LdLZ+LdLZ+LdLZ+LdLZ+LdLZ+LdLZ+LdLZ+LdLZ+LdLZ+LdLZ+LdLZ+LdLZ+LdLZ+LdLZ+LdLZ+LdLZ+LdLZ+LdLZ+LdLZ+LdLZ+LdLZ+LdLZ+LdLZ+LdLZ+LdLZ+LdLZ+LdLZ+LdLZ+LdLZ+LdLZ+LdLZ+LdLZ+LdLZ+LdLZ+LdLZ+LdLZ+LdLZ+LdLZ+LdLZ+LdLZ+LdLZ+LdLZ+LdLZ+LdLZ+LdLZ+LdLZ+LdLZ+LdLZ+LdLZ+LdLZ+LdLZ+LdLZ+LdLZ+LdLZ+LdLZ+LdLZ+LdLZ+LdLZ+LdLZ+LdLZ+LdLZ+LdLZ+LdLZ+LdLZ+LdLZ+LdLZ+LdLZ+LdLZ+LdLZ+LdLZ+LdLZ+LdLZ+LdLZ+LdLZ+LdLZ+LdLZ+LdLZ+LdLZ+LdLZ+LdLZ+LdLZ+LdLZ+LdLZ+LdLZ+LdLZ+LdLZ+LdLZ+LdLZ+LdLZ+LdLZ+LdLZ+LdLZ+LdLZ+LdLZ+LdLZ+LdLZ+LdLZ+LdLZ+LdLZ+LdLZ+LdLZ+LdLZ+LdLZ+LdLZ+LdLZ+LdLZ+LdLZ+LdLZ+LdLZ+LdLZ+LdLZ+LdLZ+LdLZ+LdLZ+LdLZ+LdLZ+LdLZ+LdLZ+LdLZ+LdLZ+LdLZ+LdLZ+LdLZ+LdLZ+LdLZ+LdLZ+LdLZ+LdLZ+LdLZ+LdLZ+LdLZ+LdLZ+LdLZ+LdLZ+LdLZ+LdLZ+LdLZ+LdLZ+LdLZ+LdLZ+LdLZ+LdLZ+LdLZ+LdLZ+LdLZ+LdLZ+LdLZ+LdLZ+LdLZ+LdLZ+LdLZ+LdLZ+LdLZ+LdLZ+LdLZ+LdLZ+LdLZ+LdLZ+LdLZ+LdLZ+LdLZ+LdLZ+LdLZ+LdLZ+LdLZ+LdLZ+LdLZ+LdLZ+LdLZ+LdLZ+LdLZ+LdLZ+LdLZ+LdLZ+LdLZ+LdLZ+LdLZ+LdLZ+LdLZ+LdLZ+LdLZ+LdLZ+LdLZ+LdLZ+LdLZ+LdLZ+LdLZ+LdLZ+LdLZ+LdLZ+LdLZ+LdLZ+LdLZ+LdLZ+LdLZ+LdLZ+LdLZ+LdLZ+LdLZ+LdLZ+LdLZ+LdLZ+LdLZ+LdLZ+LdLZ+LdLZ+LdLZ+LdLZ+LdLZ+LdLZ+LdLZ+LdLZ+LdLZ+LdLZ+LdLZ+LdLZ+LdLZ+LdLZ+LdLZ+LdLZ+LdLZ+LdLZ+LdLZ+LdLZ+LdLZ+LdLZ+LdLZ+LdLZ+LdLZ+LdLZ+LdLZ+LdLZ+LdLZ+LdLZ+LdLZ+LdLZ+LdLZ+LdLZ+LdLZ+LdLZ+LdLZ+LdLZ+LdLZ+LdLZ+LdLZ+LdLZ+LdLZ+LdLZ+LdLZ+LdLZ+LdLZ+LdLZ+LdLZ+LdLZ+LdLZ+LdLZ+LdLZ+LdLZ+LdLZ+LdLZ+LdLZ+LdLZ+LdLZ+LdLZ+LdLZ+LdLZ+LdLZ+LdLZ+LdLZ+LdLZ+LdLZ+LdLZ+LdLZ+LdLZ+LdLZ+LdLZ+LdLZ+LdLZ+LdLZ+LdLZ+LdLZ+LdLZ+LdLZ+LdLZ+LdLZ+LdLZ+LdLZ+LdLZ+LdLZ+LdLZ+LdLZ+LdLZ+LdLZ+LdLZ+LdLZ+LdLZ+LdLZ+LdLZ+LdLZ+LdLZ+LdLZ+LdLZ+LdLZ+LdLZ+LdLZ+LdLZ+LdLZ+LdLZ+LdLZ+LdLZ+LdLZ+LdLZ+LdLZ+LdLZ+LdLZ+LdLZ+LdLZ+LdLZ+LdLZ+LdLZ+LdLZ+LdLZ+LdLZ+LdLZ+LdLZ+LdLZ+LdLZ+LdLZ+LdLZ+LdLZ+LdLZ+LdLZ+LdLZ+LdLZ+LdLZ+LdLZ+LdLZ+LdLZ+LdLZ+LdLZ+LdLZ+LdLZ+LdLZ+LdLZ+LdLZ+LdLZ+LdLZ+LdLZ+LdLZ+LdLZ+LdLZ+LdLZ+LdLZ+LdLZ+LdLZ+LdLZ+LdLZ+LdLZ+LdLZ+LdLZ+LdLZ+LdLZ+LdLZ+LdLZ+LdLZ+LdLZ+LdLZ+LdLZ+LdLZ+LdLZ+LdLZ+LdLZ+LdLZ+LdLZ+LdLZ+LdLZ+LdLZ+LdLZ+LdLZ+LdLZ+LdLZ+LdLZ+LdLZ+LdLZ+LdLZ+LdLZ+LdLZ+LdLZ+LdLZ+LdLZ+LdLZ+LdLZ+LdLZ+LdLZ+LdLZ+LdLZ+LdLZ+LdLZ+LdLZ+LdLZ+LdLZ+LdLZ+LdLZ+LdLZ+LdLZ+LdLZ+LdLZ+LdLZ+LdLZ+LdLZ+LdLZ+LdLZ+LdLZ+LdLZ+LdLZ+LdLZ+LdLZ+LdLZ+LdLZ+LdLZ+LdLZ+LdLZ+LdLZ+LdLZ+LdLZ+LdLZ+LdLZ+LdLZ+LdLZ+LdLZ+LdLZ+LdLZ+LdLZ+LdLZ+LdLZ+LdLZ+LdLZ+LdLZ+LdLZ+LdLZ+LdLZ+LdLZ+LdLZ+LdLZ+LdLZ+LdLZ+LdLZ+LdLZ+LdLZ+LdLZ+LdLZ+LdLZ+LdLZ+LdLZ+LdLZ+LdLZ+LdLZ+LdLZ+LdLZ+LdLZ+LdLZ+LdLZ+LdLZ+LdLZ+LdLZ+LdLZ+LdLZ+LdLZ+LdLZ+LdLZ+LdLZ+LdLZ+LdLZ+LdLZ+LdLZ+LdLZ+LdLZ+LdLZ+LdLZ+LdLZ+LdLZ+LdLZ+LdLZ+LdLZ+LdLZ+LdLZ+LdLZ+LdLZ+LdLZ+LdLZ+LdLZ+LdLZ+LdLZ+LdLZ+LdLZ+LdLZ+LdLZ+LdLZ+LdLZ+LdLZ+LdLZ+LdLZ+LdLZ+LdLZ+LdLZ+LdLZ+LdLZ+LdLZ+LdLZ+LdLZ+LdLZ+LdLZ+LdLZ+LdLZ+LdLZ+LdLZ+LdLZ+LdLZ+LdLZ+LdLZ+LdLZ+LdLZ+LdLZ+LdLZ+LdLZ+LdLZ+LdLZ+LdLZ+LdLZ+LdLZ+LdLZ+LdLZ+LdLZ+LdLZ+LdLZ+LdLZ+LdLZ+LdLZ+LdLZ+LdLZ+LdLZ+LdLZ+LdLZ+LdLZ+LdLZ+LdLZ+LdLZ+LdLZ+LdLZ+LdLZ+LdLZ+LdLZ+LdLZ+LdLZ+LdLZ+LdLZ+LdLZ+LdLZ+LdLZ+LdLZ+LdLZ+LdLZ+LdLZ+LdLZ+LdLZ+LdLZ+LdLZ+LdLZ+LdLZ+LdLZ+LdLZ+LdLZ+LdLZ+LdLZ+LdLZ+LdLZ+LdLZ+LdLZ+LdLZ+LdLZ+LdLZ+LdLZ+LdLZ+LdLZ+LdLZ+LdLZ+LdLZ+LdLZ+LdLZ+LdLZ+LdLZ+LdLZ+LdLZ+LdLZ+LdLZ+LdLZ+LdLZ+LdLZ+LdLZ+LdLZ+LdLZ+LdLZ+LdLZ+LdLZ+LdLZ+LdLZ+LdLZ+LdLZ+LdLZ+LdLZ+LdLZ+LdLZ+LdLZ+LdLZ+LdLZ+LdLZ+LdLZ+LdLZ+LdLZ+LdLZ+LdLZ+LdLZ+LdLZ+LdLZ+LdLZ+LdLZ+LdLZ+LdLZ+LdLZ+LdLZ+LdLZ+LdLZ+LdLZ+LdLZ+LdLZ+LdLZ+LdLZ+LdLZ+LdLZ+LdLZ+LdLZ+LdLZ+LdLZ+LdLZ+LdLZ+LdLZ+LdLZ+LdLZ+LdLZ+LdLZ+LdLZ+LdLZ+LdLZ+LdLZ+LdLZ+LdLZ+LdLZ+LdLZ+LdLZ+LdLZ+LdLZ+LdLZ+LdLZ+LdLZ+LdLZ+LdLZ+LdLZ+LdLZ+LdLZ+LdLZ+LdLZ+LdLZ+LdLZ+LdLZ+LdLZ+LdLZ+LdLZ+LdLZ+LdLZ+LdLZ+LdLZ+LdLZ+LdLZ+LdLZ+LdLZ+LdLZ+LdLZ+LdLZ+LdLZ+LdLZ+LdLZ+LdLZ+LdLZ+LdLZ+LdLZ+LdLZ+LdLZ+LdLZ+LdLZ+LdLZ+LdLZ+LdLZ+LdLZ+LdLZ+LdLZ+LdLZ+LdLZ+LdLZ+LdLZ+LdLZ+LdLZ+LdLZ+LdLZ+LdLZ+LdLZ+LdLZ+LdLZ+LdLZ+LdLZ+LdLZ+LdLZ+LdLZ+LdLZ+LdLZ+LdLZ+LdLZ+LdLZ+LdLZ+LdLZ+LdLZ+LdLZ+LdLZ+LdLZ+LdLZ+LdLZ+LdLZ+LdLZ+LdLZ+LdLZ+LdLZ+LdLZ+LdLZ+LdLZ+LdLZ+LdLZ+LdLZ+LdLZ+LdLZ+LdLZ+LdLZ+LdLZ+LdLZ+LdLZ+LdLZ+LdLZ+LdLZ+LdLZ+LdLZ+LdLZ+LdLZ+LdLZ+LdLZ+LdLZ+LdLZ+LdLZ+LdLZ+LdLZ+LdLZ+LdLZ+LdLZ+LdLZ+LdLZ+LdLZ+LdLZ+LdLZ+LdLZ+LdLZ+LdLZ+LdLZ+LdLZ+LdLZ+LdLZ+LdLZ+LdLZ+LdLZ+LdLZ+LdLZ+LdLZ+LdLZ+LdLZ+LdLZ+LdLZ+LdLZ+LdLZ+LdLZ+LdLZ+LdLZ+LdLZ+LdLZ+LdLZ+LdLZ+LdLZ+LdLZ+LdLZ+LdLZ+LdLZ+LdLZ+LdLZ+LdLZ+LdLZ+LdLZ+LdLZ+LdLZ+LdLZ+LdLZ+LdLZ+LdLZ+LdLZ+LdLZ+LdLZ+LdLZ+LdLZ+LdLZ+LdLZ+LdLZ+LdLZ+LdLZ+LdLZ+LdLZ+LdLZ+LdLZ+LdLZ+LdLZ+LdLZ+LdLZ+LdLZ+LdLZ+LdLZ+LdLZ+LdLZ+LdLZ+LdLZ+LdLZ+LdLZ+LdLZ+LdLZ+LdLZ+LdLZ+LdLZ+LdLZ+LdLZ+LdLZ+LdLZ+LdLZ+LdLZ+LdLZ+LdLZ+LdLZ+LdLZ+LdLZ+LdLZ+LdLZ+LdLZ+LdLZ+LdLZ+LdLZ+LdLZ+LdLZ+LdLZ+LdLZ+LdLZ+LdLZ+LdLZ+LdLZ+LdLZ+LdLZ+LdLZ+LdLZ+LdLZ+LdLZ+LdLZ+LdLZ+LdLZ+LdLZ+LdLZ+LdLZ+LdLZ+LdLZ+LdLZ+LdLZ+LdLZ+LdLZ+LdLZ+LdLZ+LdLZ+LdLZ+LdLZ+LdLZ+LdLZ+LdLZ+LdLZ+LdLZ+LdLZ+LdLZ+LdLZ+LdLZ+LdLZ+LdLZ+LdLZ+LdLZ+LdLZ+LdLZ+LdLZ+LdLZ+LdLZ+LdLZ+LdLZ+LdLZ+LdLZ+LdLZ+LdLZ+LdLZ+LdLZ+LdLZ+LdLZ+LdLZ+LdLZ+LdLZ+LdLZ+LdLZ+LdLZ+LdLZ+LdLZ+LdLZ+LdLZ+LdLZ+LdLZ+LdLZ+LdLZ+LdLZ+LdLZ+LdLZ+LdLZ+LdLZ+LdLZ+LdLZ+LdLZ+LdLZ+LdLZ+LdLZ+LdLZ+LdLZ+LdLZ+LdLZ+LdLZ+LdLZ+LdLZ+LdLZ+LdLZ+LdLZ+LdLZ+LdLZ+LdLZ+LdLZ+LdLZ+LdLZ+LdLZ+LdLZ+LdLZ+LdLZ+LdLZ+LdLZ+LdLZ+LdLZ+LdLZ+LdLZ+LdLZ+LdLZ+LdLZ+LdLZ+LdLZ+LdLZ+LdLZ+LdLZ+LdLZ+LdLZ+LdLZ+LdLZ+LdLZ+LdLZ+LdLZ+LdLZ+LdLZ+LdLZ+LdLZ+LdLZ+LdLZ+LdLZ+LdLZ+LdLZ+LdLZ+LdLZ+LdLZ+LdLZ+LdLZ+LdLZ+LdLZ+LdLZ+LdLZ+LdLZ+LdLZ+LdLZ+LdLZ+LdLZ+LdLZ+LdLZ+LdLZ+LdLZ+LdLZ+LdLZ+LdLZ+LdLZ+LdLZ+LdLZ+LdLZ+LdLZ+LdLZ+LdLZ+LdLZ+LdLZ+LdLZ+LdLZ+LdLZ+LdLZ+LdLZ+LdLZ+LdLZ+LdLZ+LdLZ+LdLZ+LdLZ+LdLZ+LdLZ+LdLZ+LdLZ+LdLZ+LdLZ+LdLZ+LdLZ+LdLZ+LdLZ+LdLZ+LdLZ+LdLZ+LdLZ+LdLZ+LdLZ+LdLZ+LdLZ+LdLZ+LdLZ+LdLZ+LdLZ+LdLZ+LdLZ+LdLZ+LdLZ+LdLZ+LdLZ+LdLZ+LdLZ+LdLZ+LdLZ+LdLZ+LdLZ+LdLZ+LdLZ+LdLZ+LdLZ+LdLZ+LdLZ+LdLZ+LdLZ+LdLZ+LdLZ+LdLZ+LdLZ+LdLZ+LdLZ+LdLZ+LdLZ+LdLZ+LdLZ+LdLZ+LdLZ+LdLZ+LdLZ+LdLZ+LdLZ+LdLZ+LdLZ+LdLZ+LdLZ+LdLZ+LdLZ+LdLZ+LdLZ+LdLZ+LdLZ+LdLZ+LdLZ+LdLZ+LdLZ+LdLZ+LdLZ+LdLZ+LdLZ+LdLZ+LdLZ+LdLZ+LdLZ+LdLZ+LdLZ+LdLZ+LdLZ+LdLZ+LdLZ+LdLZ+LdLZ+LdLZ+LdLZ+LdLZ+LdLZ+LdLZ+LdLZ+LdLZ+LdLZ+LdLZ+LdLZ+LdLZ+LdLZ+LdLZ+LdLZ+LdLZ+LdLZ+LdLZ+LdLZ+LdLZ+LdLZ+LdLZ+LdLZ+LdLZ+LdLZ+LdLZ+LdLZ+LdLZ+LdLZ+LdLZ+LdLZ+LdLZ+LdLZ+LdLZ+LdLZ+LdLZ+LdLZ+LdLZ+LdLZ+LdLZ+LdLZ+LdLZ+LdLZ+LdLZ+LdLZ+LdLZ+LdLZ+LdLZ+LdLZ+LdLZ+LdLZ+LdLZ+LdLZ+LdLZ+LdLZ+LdLZ+LdLZ+LdLZ+LdLZ+LdLZ+LdLZ+LdLZ+LdLZ+LdLZ+LdLZ+LdLZ+LdLZ+LdLZ+LdLZ+LdLZ+LdLZ+LdLZ+LdLZ+LdLZ+LdLZ+LdLZ+LdLZ+LdLZ+LdLZ+LdLZ+LdLZ+LdLZ+LdLZ+LdLZ+LdLZ+LdLZ+LdLZ+LdLZ+LdLZ+LdLZ+LdLZ+LdLZ+LdLZ+LdLZ+LdLZ+LdLZ+LdLZ+LdLZ+LdLZ+LdLZ+LdLZ+LdLZ+LdLZ+LdLZ+LdLZ+LdLZ+LdLZ+LdLZ+LdLZ+LdLZ+LdLZ+LdLZ+LdLZ+LdLZ+LdLZ+LdLZ+LdLZ+LdLZ+LdLZ+LdLZ+LdLZ+LdLZ+LdLZ+LdLZ+LdLZ+LdLZ+LdLZ+LdLZ+LdLZ+LdLZ+LdLZ+LdLZ+LdLZ+LdLZ+LdLZ+LdLZ+LdLZ+LdLZ+LdLZ+LdLZ+LdLZ+LdLZ+LdLZ+LdLZ+LdLZ+LdLZ+LdLZ+LdLZ+LdLZ+LdLZ+LdLZ+LdLZ+LdLZ+LdLZ+LdLZ+LdLZ+LdLZ+LdLZ+LdLZ+LdLZ+LdLZ+LdLZ+LdLZ+LdLZ+LdLZ+LdLZ+LdLZ+LdLZ+LdLZ+LdLZ+LdLZ+LdLZ+LdLZ+LdLZ+LdLZ+LdLZ+LdLZ+LdLZ+LdLZ+LdLZ+LdLZ+LdLZ+LdLZ+LdLZ+LdLZ+LdLZ+LdLZ+LdLZ+LdLZ+LdLZ+LdLZ+LdLZ+LdLZ+LdLZ+LdLZ+LdLZ+LdLZ+LdLZ+LdLZ+LdLZ+LdLZ+LdLZ+LdLZ+LdLZ+LdLZ+LdLZ+LdLZ+LdLZ+LdLZ+LdLZ+LdLZ+LdLZ+LdLZ+LdLZ+LdLZ+LdLZ+LdLZ+LdLZ+LdLZ+LdLZ+LdLZ+LdLZ+LdLZ+LdLZ+LdLZ+LdLZ+LdLZ+LdLZ+LdLZ+LdLZ+LdLZ+LdLZ+LdLZ+LdLZ+LdLZ+LdLZ+LdLZ+LdLZ+LdLZ+LdLZ+LdLZ+LdLZ+LdLZ+LdLZ+LdLZ+LdLZ+LdLZ+LdLZ+LdLZ+LdLZ+LdLZ+LdLZ+LdLZ+LdLZ+LdLZ+LdLZ+LdLZ+LdLZ+LdLZ+LdLZ+LdLZ+LdLZ+LdLZ+LdLZ+LdLZ+LdLZ+LdLZ+LdLZ+LdLZ+LdLZ+LdLZ+LdLZ+LdLZ+LdLZ+LdLZ+LdLZ+LdLZ+LdLZ+LdLZ+LdLZ+LdLZ+LdLZ+LdLZ+LdLZ+LdLZ+LdLZ+LdLZ+LdLZ+LdLZ+LdLZ+LdLZ+LdLZ+LdLZ+LdLZ+LdLZ+LdLZ+LdLZ+LdLZ+LdLZ+LdLZ+LdLZ+LdLZ+LdLZ+LdLZ+LdLZ+LdLZ+LdLZ+LdLZ+LdLZ+LdLZ+LdLZ+LdLZ+LdLZ+LdLZ+LdLZ+LdLZ+LdLZ+LdLZ+LdLZ+LdLZ+LdLZ+LdLZ+LdLZ+LdLZ+LdLZ+LdLZ+LdLZ+LdLZ+LdLZ+LdLZ+LdLZ+LdLZ+LdLZ+LdLZ+LdLZ+LdLZ+LdLZ+LdLZ+LdLZ+LdLZ+LdLZ+LdLZ+LdLZ+LdLZ+LdLZ+LdLZ+LdLZ+LdLZ+LdLZ+LdLZ+LdLZ+LdLZ+LdLZ+LdLZ+LdLZ+LdLZ+LdLZ+LdLZ+LdLZ+LdLZ+LdLZ+LdLZ+LdLZ+LdLZ+LdLZ+LdLZ+LdLZ+LdLZ+LdLZ+LdLZ+LdLZ+LdLZ+LdLZ+LdLZ+LdLZ+LdLZ+LdLZ+LdLZ+LdLZ+LdLZ+LdLZ+LdLZ+LdLZ+LdLZ+LdLZ+LdLZ+LdLZ+LdLZ+LdLZ+LdLZ+LdLZ+LdLZ+LdLZ+LdLZ+LdLZ+LdLZ+LdLZ+LdLZ+LdLZ+LdLZ+LdLZ+LdLZ+LdLZ+LdLZ+LdLZ+LdLZ+LdLZ+LdLZ+LdLZ+LdLZ+LdLZ+LdLZ+LdLZ+LdLZ+LdLZ+LdLZ+LdLZ+LdLZ+LdLZ+LdLZ+LdLZ+LdLZ+LdLZ+LdLZ+LdLZ+LdLZ+LdLZ+LdLZ+LdLZ+LdLZ+LdLZ+LdLZ+LdLZ+LdLZ+LdLZ+LdLZ+LdLZ+LdLZ+LdLZ+LdLZ+LdLZ+LdLZ+LdLZ+LdLZ+LdLZ+LdLZ+LdLZ+LdLZ+LdLZ+LdLZ+LdLZ+LdLZ+LdLZ+LdLZ+LdLZ+LdLZ+LdLZ+LdLZ+LdLZ+LdLZ+LdLZ+LdLZ+LdLZ+LdLZ+LdLZ+LdLZ+LdLZ+LdLZ+LdLZ+LdLZ+LdLZ+LdLZ+LdLZ+LdLZ+LdLZ+LdLZ+LdLZ+LdLZ+LdLZ+LdLZ+LdLZ+LdLZ+LdLZ+LdLZ+LdLZ+LdLZ+LdLZ+LdLZ+LdLZ+LdLZ+LdLZ+LdLZ+LdLZ+LdLZ+LdLZ+LdLZ+LdLZ+LdLZ+LdLZ+LdLZ+LdLZ+LdLZ+LdLZ+LdLZ+LdLZ+LdLZ+LdLZ+LdLZ+LdLZ+LdLZ+LdLZ+LdLZ+LdLZ+LdLZ+LdLZ+LdLZ+LdLZ+LdLZ+LdLZ+LdLZ+LdLZ+LdLZ+LdLZ+LdLZ+LdLZ+LdLZ+LdLZ+LdLZ+LdLZ+LdLZ+LdLZ+LdLZ+LdLZ+LdLZ+LdLZ+LdLZ+LdLZ+LdLZ+LdLZ+LdLZ+LdLZ+LdLZ+LdLZ+LdLZ+LdLZ+LdLZ+LdLZ+LdLZ+LdLZ+LdLZ+LdLZ+LdLZ+LdLZ+LdLZ+LdLZ+LdLZ+LdLZ+LdLZ+LdLZ+LdLZ+LdLZ+LdLZ+LdLZ+LdLZ+LdLZ+LdLZ+LdLZ+LdLZ+LdLZ+LdLZ+LdLZ+LdLZ+LdLZ+LdLZ+LdLZ+LdLZ+LdLZ+LdLZ+LdLZ+LdLZ+LdLZ+LdLZ+LdLZ+LdLZ+LdLZ+LdLZ+LdLZ+LdLZ+LdLZ+LdLZ+LdLZ+LdLZ+LdLZ+LdLZ+LdLZ+LdLZ+LdLZ+LdLZ+LdLZ+LdLZ+LdLZ+LdLZ+LdLZ+LdLZ+LdLZ+LdLZ+LdLZ+LdLZ+LdLZ+LdLZ+LdLZ+LdLZ+LdLZ+LdLZ+LdLZ+LdLZ+LdLZ+LdLZ+LdLZ+LdLZ+LdLZ+LdLZ+LdLZ+LdLZ+LdLZ+LdLZ+LdLZ+LdLZ+LdLZ+LdLZ+LdLZ+LdLZ+LdLZ+LdLZ+LdLZ+LdLZ+LdLZ+LdLZ+LdLZ+LdLZ+LdLZ+LdLZ+LdLZ+LdLZ+LdLZ+LdLZ+LdLZ+LdLZ+LdLZ+LdLZ+LdLZ+LdLZ+LdLZ+LdLZ+LdLZ+LdLZ+LdLZ+LdLZ+LdLZ+LdLZ+LdLZ+LdLZ+LdLZ+LdLZ+LdLZ+LdLZ+LdLZ+LdLZ+LdLZ+LdLZ+LdLZ+LdLZ+LdLZ+LdLZ+LdLZ+LdLZ+LdLZ+LdLZ+LdLZ+LdLZ+LdLZ+LdLZ+LdLZ+LdLZ+LdLZ+LdLZ+LdLZ+LdLZ+LdLZ+LdLZ+LdLZ+LdLZ+LdLZ+LdLZ+LdLZ+LdLZ+LdLZ+LdLZ+LdLZ+LdLZ+LdLZ+LdLZ+LdLZ+LdLZ+LdLZ+LdLZ+LdLZ+LdLZ+LdLZ+LdLZ+LdLZ+LdLZ+LdLZ+LdLZ+LdLZ+LdLZ+LdLZ+LdLZ+LdLZ+LdLZ+LdLZ+LdLZ+LdLZ+LdLZ+LdLZ+LdLZ+LdLZ+LdLZ+LdLZ+LdLZ+LdLZ+LdLZ+LdLZ+LdLZ+LdLZ+LdLZ+LdLZ+LdLZ+LdLZ+LdLZ+LdLZ+LdLZ+LdLZ+LdLZ+LdLZ+LdLZ+LdLZ+LdLZ+LdLZ+LdLZ+LdLZ+LdLZ+LdLZ+LdLZ+LdLZ+LdLZ+LdLZ+LdLZ+LdLZ+LdLZ+LdLZ+LdLZ+LdLZ+LdLZ+LdLZ+LdLZ+LdLZ+LdLZ+LdLZ+LdLZ+LdLZ+LdLZ+LdLZ+LdLZ+LdLZ+LdLZ+LdLZ+LdLZ+LdLZ+LdLZ+LdLZ+LdLZ+LdLZ+LdLZ+LdLZ+LdLZ+LdLZ+LdLZ+LdLZ+LdLZ+LdLZ+LdLZ+LdLZ+LdLZ+LdLZ+LdLZ+LdLZ+LdLZ+LdLZ+LdLZ+LdLZ+LdLZ+LdLZ+LdLZ+LdLZ+LdLZ+LdLZ+LdLZ+LdLZ+LdLZ+LdLZ+LdLZ+LdLZ+LdLZ+LdLZ+LdLZ+LdLZ+LdLZ+LdLZ+LdLZ+LdLZ+LdLZ+LdLZ+LdLZ+LdLZ+LdLZ+LdLZ+LdLZ+LdLZ+LdLZ+LdLZ+LdLZ+LdLZ+LdLZ+LdLZ+LdLZ+LdLZ+LdLZ+LdLZ+LdLZ+LdLZ+LdLZ+LdLZ+LdLZ+LdLZ+LdLZ+LdLZ+LdLZ+LdLZ+LdLZ+LdLZ+LdLZ+LdLZ+LdLZ+LdLZ+LdLZ+LdLZ+LdLZ+LdLZ+LdLZ+LdLZ+LdLZ+LdLZ+LdLZ+LdLZ+LdLZ+LdLZ+LdLZ+LdLZ+LdLZ+LdLZ+LdLZ+LdLZ+LdLZ+LdLZ+LdLZ+LdLZ+LdLZ+LdLZ+LdLZ+LdLZ+LdLZ+LdLZ+LdLZ+LdLZ+LdLZ+LdLZ+LdLZ+LdLZ+LdLZ+LdLZ+LdLZ+LdLZ+LdLZ+LdLZ+LdLZ+LdLZ+LdLZ+LdLZ+LdLZ+LdLZ+LdLZ+LdLZ+LdLZ+LdLZ+LdLZ+LdLZ+LdLZ+LdLZ+LdLZ+LdLZ+LdLZ+LdLZ+LdLZ+LdLZ+LdLZ+LdLZ+LdLZ+LdLZ+LdLZ+LdLZ+LdLZ+LdLZ+LdLZ+LdLZ+LdLZ+LdLZ+LdLZ+LdLZ+LdLZ+LdLZ+LdLZ+LdLZ+LdLZ+LdLZ+LdLZ+LdLZ+LdLZ+LdLZ+LdLZ+LdLZ+LdLZ+LdLZ+LdLZ+LdLZ+LdLZ+LdLZ+LdLZ+LdLZ+LdLZ+LdLZ+LdLZ+LdLZ+LdLZ+LdLZ+LdLZ+LdLZ+LdLZ+LdLZ+LdLZ+LdLZ+LdLZ+LdLZ+LdLZ+LdLZ+LdLZ+LdLZ+LdLZ+LdLZ+LdLZ+LdLZ+LdLZ+LdLZ+LdLZ+LdLZ+LdLZ+LdLZ+LdLZ+LdLZ+LdLZ+LdLZ+LdLZ+LdLZ+LdLZ+LdLZ+LdLZ+LdLZ+LdLZ+LdLZ+LdLZ+LdLZ+LdLZ+LdLZ+LdLZ+LdLZ+LdLZ+LdLZ+LdLZ+LdLZ+LdLZ+LdLZ+LdLZ+LdLZ+LdLZ+LdLZ+LdLZ+LdLZ+LdLZ+LdLZ+LdLZ+LdLZ+LdLZ+LdLZ+LdLZ+LdLZ+LdLZ+LdLZ+LdLZ+LdLZ+LdLZ+LdLZ+LdLZ+LdLZ+LdLZ+LdLZ+LdLZ+LdLZ+LdLZ+LdLZ+LdLZ+LdLZ+LdLZ+LdLZ+LdLZ+LdLZ+LdLZ+LdLZ+LdLZ+LdLZ+LdLZ+LdLZ+LdLZ+LdLZ+LdLZ+LdLZ+LdLZ+LdLZ+LdLZ+LdLZ+LdLZ+LdLZ+LdLZ+LdLZ+LdLZ+LdLZ+LdLZ+LdLZ+LdLZ+LdLZ+LdLZ+LdLZ+LdLZ+LdLZ+LdLZ+LdLZ+LdLZ+LdLZ+LdLZ+LdLZ+LdLZ+LdLZ+LdLZ+LdLZ+LdLZ+LdLZ+LdLZ+LdLZ+LdLZ+LdLZ+LdLZ+LdLZ+LdLZ+LdLZ+LdLZ+LdLZ+LdLZ+LdLZ+LdLZ+LdLZ+LdLZ+LdLZ+LdLZ+LdLZ+LdLZ+LdLZ+LdLZ+LdLZ+LdLZ+LdLZ+LdLZ+LdLZ+LdLZ+LdLZ+LdLZ+LdLZ+LdLZ+LdLZ+LdLZ+LdLZ+LdLZ+LdLZ+LdLZ+LdLZ+LdLZ+LdLZ+LdLZ+LdLZ+LdLZ+LdLZ+LdLZ+LdLZ+LdLZ+LdLZ+LdLZ+LdLZ+LdLZ+LdLZ+LdLZ+LdLZ+LdLZ+LdLZ+LdLZ+LdLZ+LdLZ+LdLZ+LdLZ+LdLZ+LdLZ+LdLZ+LdLZ+LdLZ+LdLZ+LdLZ+LdLZ+LdLZ+LdLZ+LdLZ+LdLZ+LdLZ+LdLZ+LdLZ+LdLZ+LdLZ+LdLZ+LdLZ+LdLZ+LdLZ+LdLZ+LdLZ+LdLZ+LdLZ+LdLZ+LdLZ+LdLZ+LdLZ+LdLZ+LdLZ+LdLZ+LdLZ+LdLZ+LdLZ+LdLZ+LdLZ+LdLZ+LdLZ+LdLZ+LdLZ+LdLZ+LdLZ+LdLZ+LdLZ+LdLZ+LdLZ+LdLZ+LdLZ+LdLZ+LdLZ+LdLZ+LdLZ+LdLZ+LdLZ+LdLZ+LdLZ+LdLZ+LdLZ+LdLZ+LdLZ+LdLZ+LdLZ+LdLZ+LdLZ+LdLZ+LdLZ+LdLZ+LdLZ+LdLZ+LdLZ+LdLZ+LdLZ+LdLZ+LdLZ+LdLZ+LdLZ+LdLZ+LdLZ+LdLZ+LdLZ+LdLZ+LdLZ+LdLZ+LdLZ+LdLZ+LdLZ+LdLZ+LdLZ+LdLZ+LdLZ+LdLZ+LdLZ+LdLZ+LdLZ+LdLZ+LdLZ+LdLZ+LdLZ+LdLZ+LdLZ+LdLZ+LdLZ+LdLZ+LdLZ+LdLZ+LdLZ+LdLZ+LdLZ+LdLZ+LdLZ+LdLZ+LdLZ+LdLZ+LdLZ+LdLZ+LdLZ+LdLZ+LdLZ+LdLZ+LdLZ+LdLZ+LdLZ+LdLZ+LdLZ+LdLZ+LdLZ+LdLZ+LdLZ+LdLZ+LdLZ+LdLZ+LdLZ+LdLZ+LdLZ+LdLZ+LdLZ+LdLZ+LdLZ+LdLZ+LdLZ+LdLZ+LdLZ+LdLZ+LdLZ+LdLZ+LdLZ+LdLZ+LdLZ+LdLZ+LdLZ+LdLZ+LdLZ+LdLZ+LdLZ+LdLZ+LdLZ+LdLZ+LdLZ+LdLZ+LdLZ+LdLZ+LdLZ+LdLZ+LdLZ+LdLZ+LdLZ+LdLZ+LdLZ+LdLZ+LdLZ+LdLZ+LdLZ+LdLZ+LdLZ+LdLZ+LdLZ+LdLZ+LdLZ+LdLZ+LdLZ+LdLZ+LdLZ+LdLZ+LdLZ+LdLZ+LdLZ+LdLZ+LdLZ+LdLZ+LdLZ+LdLZ+LdLZ+LdLZ+LdLZ+LdLZ+LdLZ+LdLZ+LdLZ+LdLZ+LdLZ+LdLZ+LdLZ+LdLZ+LdLZ+LdLZ+LdLZ+LdLZ+LdLZ+LdLZ+LdLZ+LdLZ+LdLZ+LdLZ+LdLZ+LdLZ+LdLZ+LdLZ+LdLZ+LdLZ+LdLZ+LdLZ+LdLZ+LdLZ+LdLZ+LdLZ+LdLZ+LdLZ+LdLZ+LdLZ+LdLZ+LdLZ+LdLZ+LdLZ+LdLZ+LdLZ+LdLZ+LdLZ+LdLZ+LdLZ+LdLZ+LdLZ+LdLZ+LdLZ+LdLZ+LdLZ+LdLZ+LdLZ+LdLZ+LdLZ+LdLZ+LdLZ+LdLZ+LdLZ+LdLZ+LdLZ+LdLZ+LdLZ+LdLZ+LdLZ+LdLZ+LdLZ+LdLZ+LdLZ+LdLZ+LdLZ+LdLZ+LdLZ+LdLZ+LdLZ+LdLZ+LdLZ+LdLZ+LdLZ+LdLZ+LdLZ+LdLZ+LdLZ+LdLZ+LdLZ+LdLZ+LdLZ+LdLZ+LdLZ+LdLZ+LdLZ+LdLZ+LdLZ+LdLZ+LdLZ+LdLZ+LdLZ+LdLZ+LdLZ+LdLZ+LdLZ+LdLZ+LdLZ+LdLZ+LdLZ+LdLZ+LdLZ+LdLZ+LdLZ+LdLZ+LdLZ+LdLZ+LdLZ+LdLZ+LdLZ+LdLZ+LdLZ+LdLZ+LdLZ+LdLZ+LdLZ+LdLZ+LdLZ+LdLZ+LdLZ+LdLZ+LdLZ+LdLZ+LdLZ+LdLZ+LdLZ+LdLZ+LdLZ+LdLZ+LdLZ+LdLZ+LdLZ+LdLZ+LdLZ+LdLZ+LdLZ+LdLZ+LdLZ+LdLZ+LdLZ+LdLZ+LdLZ+LdLZ+LdLZ+LdLZ+LdLZ+LdLZ+LdLZ+LdLZ+LdLZ+LdLZ+LdLZ+LdLZ+LdLZ+LdLZ+LdLZ+LdLZ+LdLZ+LdLZ+LdLZ+LdLZ+LdLZ+LdLZ+LdLZ+LdLZ+LdLZ+LdLZ+LdLZ+LdLZ+LdLZ+LdLZ+LdLZ+LdLZ+LdLZ+LdLZ+LdLZ+LdLZ+LdLZ+LdLZ+LdLZ+LdLZ+LdLZ+LdLZ+LdLZ+LdLZ+LdLZ+LdLZ+LdLZ+LdLZ+LdLZ+LdLZ+LdLZ+LdLZ+LdLZ+LdLZ+LdLZ+LdLZ+LdLZ+LdLZ+LdLZ+LdLZ+LdLZ+LdLZ+LdLZ+LdLZ+LdLZ+LdLZ+LdLZ+LdLZ+LdLZ+LdLZ+LdLZ+LdLZ+LdLZ+LdLZ+LdLZ+LdLZ+LdLZ+LdLZ+LdLZ+LdLZ+LdLZ+LdLZ+LdLZ+LdLZ+LdLZ+LdLZ+LdLZ+LdLZ+LdLZ+LdLZ+LdLZ+LdLZ+LdLZ+LdLZ+LdLZ+LdLZ+LdLZ+LdLZ+LdLZ+LdLZ+LdLZ+LdLZ+LdLZ+LdLZ+LdLZ+LdLZ+LdLZ+LdLZ+LdLZ+LdLZ+LdLZ+LdLZ+LdLZ+LdLZ+LdLZ+LdLZ+LdLZ+LdLZ+LdLZ+LdLZ+LdLZ+LdLZ+LdLZ+LdLZ+LdLZ+LdLZ+LdLZ+LdLZ+LdLZ+LdLZ+LdLZ+LdLZ+LdLZ+LdLZ+LdLZ+LdLZ+LdLZ+LdLZ+LdLZ+LdLZ+LdLZ+LdLZ+LdLZ+LdLZ+LdLZ+LdLZ+LdLZ+LdLZ+LdLZ+LdLZ+LdLZ+LdLZ+LdLZ+LdLZ+LdLZ+LdLZ+LdLZ+LdLZ+LdLZ+LdLZ+LdLZ+LdLZ+LdLZ+LdLZ+LdLZ+LdLZ+LdLZ+LdLZ+LdLZ+LdLZ+LdLZ+LdLZ+LdLZ+LdLZ+LdLZ+LdLZ+LdLZ+LdLZ+LdLZ+LdLZ+LdLZ+LdLZ+LdLZ+LdLZ+LdLZ+LdLZ+LdLZ+LdLZ+LdLZ+LdLZ+LdLZ+LdLZ+LdLZ+LdLZ+LdLZ+LdLZ+LdLZ+LdLZ+LdLZ+LdLZ+LdLZ+LdLZ+LdLZ+LdLZ+LdLZ+LdLZ+LdLZ+LdLZ+LdLZ+LdLZ+LdLZ+LdLZ+LdLZ+LdLZ+LdLZ+LdLZ+LdLZ+LdLZ+LdLZ+LdLZ+LdLZ+LdLZ+LdLZ+LdLZ+LdLZ+LdLZ+LdLZ+LdLZ+LdLZ+LdLZ+LdLZ+LdLZ+LdLZ+LdLZ+LdLZ+LdLZ+LdLZ+LdLZ+LdLZ+LdLZ+LdLZ+LdLZ+LdLZ+LdLZ+LdLZ+LdLZ+LdLZ+LdLZ+LdLZ+LdLZ+LdLZ+LdLZ+LdLZ+LdLZ+LdLZ+LdLZ+LdLZ+LdLZ+LdLZ+LdLZ+LdLZ+LdLZ+LdLZ+LdLZ+LdLZ+LdLZ+LdLZ+LdLZ+LdLZ+LdLZ+LdLZ+LdLZ+LdLZ+LdLZ+LdLZ+LdLZ+LdLZ+LdLZ+LdLZ+LdLZ+LdLZ+LdLZ+LdLZ+LdLZ+LdLZ+LdLZ+LdLZ+LdLZ+LdLZ+LdLZ+LdLZ+LdLZ+LdLZ+LdLZ+LdLZ+LdLZ+LdLZ+LdLZ+LdLZ+LdLZ+LdLZ+LdLZ+LdLZ+LdLZ+LdLZ+LdLZ+LdLZ+LdLZ+LdLZ+LdLZ+LdLZ+LdLZ+LdLZ+LdLZ+LdLZ+LdLZ+LdLZ+LdLZ+LdLZ+LdLZ+LdLZ+LdLZ+LdLZ+LdLZ+LdLZ+LdLZ+LdLZ+LdLZ+LdLZ+LdLZ+L

2026/03/26 21:33:16 WARN Ripgrep (rg) not found in $PATH. Some features might be limited or slower.
2026/03/26 21:33:16 WARN FZF not found in $PATH. Some features might be limited or slower.